
Microsoft Visual Studio Solution File, Format Version 12.00
# Visual Studio Version 17
VisualStudioVersion = 17.3.32819.101
MinimumVisualStudioVersion = 10.0.40219.1
Project("{9A19103F-16F7-4668-BE54-9A1E7A4F7556}") = "DotNetA13", "DotNetA13\DotNetA13.csproj", "{5677CCBE-61F7-4531-B8F9-23E9E790B32A}"
EndProject
Project("{9A19103F-16F7-4668-BE54-9A1E7A4F7556}") = "DotNetA13_MLE", "DotNetA13_MLE\DotNetA13_MLE.csproj", "{B58031EF-9349-47AB-AD78-029000B4D0F7}"
EndProject
Global
	GlobalSection(SolutionConfigurationPlatforms) = preSolution
		Debug|Any CPU = Debug|Any CPU
		Release|Any CPU = Release|Any CPU
	EndGlobalSection
	GlobalSection(ProjectConfigurationPlatforms) = postSolution
		{5677CCBE-61F7-4531-B8F9-23E9E790B32A}.Debug|Any CPU.ActiveCfg = Debug|Any CPU
		{5677CCBE-61F7-4531-B8F9-23E9E790B32A}.Debug|Any CPU.Build.0 = Debug|Any CPU
		{5677CCBE-61F7-4531-B8F9-23E9E790B32A}.Release|Any CPU.ActiveCfg = Release|Any CPU
		{5677CCBE-61F7-4531-B8F9-23E9E790B32A}.Release|Any CPU.Build.0 = Release|Any CPU
		{B58031EF-9349-47AB-AD78-029000B4D0F7}.Debug|Any CPU.ActiveCfg = Debug|Any CPU
		{B58031EF-9349-47AB-AD78-029000B4D0F7}.Debug|Any CPU.Build.0 = Debug|Any CPU
		{B58031EF-9349-47AB-AD78-029000B4D0F7}.Release|Any CPU.ActiveCfg = Release|Any CPU
		{B58031EF-9349-47AB-AD78-029000B4D0F7}.Release|Any CPU.Build.0 = Release|Any CPU
	EndGlobalSection
	GlobalSection(SolutionProperties) = preSolution
		HideSolutionNode = FALSE
	EndGlobalSection
	GlobalSection(ExtensibilityGlobals) = postSolution
		SolutionGuid = {F679D1AF-E86F-4736-8E55-FCE8A58939C1}
	EndGlobalSection
EndGlobal
